# This file is autogenerated, do not edit; changes may be undone by the next 'dep ensure'.


[[projects]]
  branch = "master"
  name = "github.com/segmentio/kafka-go"
  packages = ["."]
  revision = "48c37f796910d8154479aaa04ade5843ae4f55d0"

[solve-meta]
  analyzer-name = "dep"
  analyzer-version = 1
  inputs-digest = "eba9c44de97064ed071bf57a7fc62f46dffc2deea4f50f731f5b1de76f3d6357"
  solver-name = "gps-cdcl"
  solver-version = 1
